// !$*UTF8*$!
{
	archiveVersion = 1;
	classes = {
	};
	objectVersion = 46;
	objects = {

/* Begin PBXBuildFile section */
		B2DB88EB1CF4D95300D67703 /* AppDelegate.swift in Sources */ = {isa = PBXBuildFile; fileRef = B2DB88EA1CF4D95300D67703 /* AppDelegate.swift */; };
		B2DB88ED1CF4D95300D67703 /* ViewController.swift in Sources */ = {isa = PBXBuildFile; fileRef = B2DB88EC1CF4D95300D67703 /* ViewController.swift */; };
		B2DB88F01CF4D95400D67703 /* Main.storyboard in Resources */ = {isa = PBXBuildFile; fileRef = B2DB88EE1CF4D95400D67703 /* Main.storyboard */; };
		B2DB88F21CF4D95400D67703 /* Assets.xcassets in Resources */ = {isa = PBXBuildFile; fileRef = B2DB88F11CF4D95400D67703 /* Assets.xcassets */; };
		B2DB88F51CF4D95400D67703 /* LaunchScreen.storyboard in Resources */ = {isa = PBXBuildFile; fileRef = B2DB88F31CF4D95400D67703 /* LaunchScreen.storyboard */; };
		B2DB89001CF4D95400D67703 /* ConverterTests.swift in Sources */ = {isa = PBXBuildFile; fileRef = B2DB88FF1CF4D95400D67703 /* ConverterTests.swift */; };
		B2DB890B1CF4D95400D67703 /* ConverterUITests.swift in Sources */ = {isa = PBXBuildFile; fileRef = B2DB890A1CF4D95400D67703 /* ConverterUITests.swift */; };
/* End PBXBuildFile section */

/* Begin PBXContainerItemProxy section */
		B2DB88FC1CF4D95400D67703 /* PBXContainerItemProxy */ = {
			isa = PBXContainerItemProxy;
			containerPortal = B2DB88DF1CF4D95300D67703 /* Project object */;
			proxyType = 1;
			remoteGlobalIDString = B2DB88E61CF4D95300D67703;
			remoteInfo = Converter;
		};
		B2DB89071CF4D95400D67703 /* PBXContainerItemProxy */ = {
			isa = PBXContainerItemProxy;
			containerPortal = B2DB88DF1CF4D95300D67703 /* Project object */;
			proxyType = 1;
			remoteGlobalIDString = B2DB88E61CF4D95300D67703;
			remoteInfo = Converter;
		};
/* End PBXContainerItemProxy section */

/* Begin PBXFileReference section */
		B2DB88E71CF4D95300D67703 /* Converter.app */ = {isa = PBXFileReference; explicitFileType = wrapper.application; includeInIndex = 0; path = Converter.app; sourceTree = BUILT_PRODUCTS_DIR; };
		B2DB88EA1CF4D95300D67703 /* AppDelegate.swift */ = {isa = PBXFileReference; lastKnownFileType = sourcecode.swift; path = AppDelegate.swift; sourceTree = "<group>"; };
		B2DB88EC1CF4D95300D67703 /* ViewController.swift */ = {isa = PBXFileReference; lastKnownFileType = sourcecode.swift; path = ViewController.swift; sourceTree = "<group>"; };
		B2DB88EF1CF4D95400D67703 /* Base */ = {isa = PBXFileReference; lastKnownFileType = file.storyboard; name = Base; path = Base.lproj/Main.storyboard; sourceTree = "<group>"; };
		B2DB88F11CF4D95400D67703 /* Assets.xcassets */ = {isa = PBXFileReference; lastKnownFileType = folder.assetcatalog; path = Assets.xcassets; sourceTree = "<group>"; };
		B2DB88F41CF4D95400D67703 /* Base */ = {isa = PBXFileReference; lastKnownFileType = file.storyboard; name = Base; path = Base.lproj/LaunchScreen.storyboard; sourceTree = "<group>"; };
		B2DB88F61CF4D95400D67703 /* Info.plist */ = {isa = PBXFileReference; lastKnownFileType = text.plist.xml; path = Info.plist; sourceTree = "<group>"; };
		B2DB88FB1CF4D95400D67703 /* ConverterTests.xctest */ = {isa = PBXFileReference; explicitFileType = wrapper.cfbundle; includeInIndex = 0; path = ConverterTests.xctest; sourceTree = BUILT_PRODUCTS_DIR; };
		B2DB88FF1CF4D95400D67703 /* ConverterTests.swift */ = {isa = PBXFileReference; lastKnownFileType = sourcecode.swift; path = ConverterTests.swift; sourceTree = "<group>"; };
		B2DB89011CF4D95400D67703 /* Info.plist */ = {isa = PBXFileReference; lastKnownFileType = text.plist.xml; path = Info.plist; sourceTree = "<group>"; };
		B2DB89061CF4D95400D67703 /* ConverterUITests.xctest */ = {isa = PBXFileReference; explicitFileType = wrapper.cfbundle; includeInIndex = 0; path = ConverterUITests.xctest; sourceTree = BUILT_PRODUCTS_DIR; };
		B2DB890A1CF4D95400D67703 /* ConverterUITests.swift */ = {isa = PBXFileReference; lastKnownFileType = sourcecode.swift; path = ConverterUITests.swift; sourceTree = "<group>"; };
		B2DB890C1CF4D95400D67703 /* Info.plist */ = {isa = PBXFileReference; lastKnownFileType = text.plist.xml; path = Info.plist; sourceTree = "<group>"; };
/* End PBXFileReference section */

/* Begin PBXFrameworksBuildPhase section */
		B2DB88E41CF4D95300D67703 /* Frameworks */ = {
			isa = PBXFrameworksBuildPhase;
			buildActionMask = 2147483647;
			files = (
			);
			runOnlyForDeploymentPostprocessing = 0;
		};
		B2DB88F81CF4D95400D67703 /* Frameworks */ = {
			isa = PBXFrameworksBuildPhase;
			buildActionMask = 2147483647;
			files = (
			);
			runOnlyForDeploymentPostprocessing = 0;
		};
		B2DB89031CF4D95400D67703 /* Frameworks */ = {
			isa = PBXFrameworksBuildPhase;
			buildActionMask = 2147483647;
			files = (
			);
			runOnlyForDeploymentPostprocessing = 0;
		};
/* End PBXFrameworksBuildPhase section */

/* Begin PBXGroup section */
		B2DB88DE1CF4D95300D67703 = {
			isa = PBXGroup;
			children = (
				B2DB88E91CF4D95300D67703 /* Converter */,
				B2DB88FE1CF4D95400D67703 /* ConverterTests */,
				B2DB89091CF4D95400D67703 /* ConverterUITests */,
				B2DB88E81CF4D95300D67703 /* Products */,
			);
			sourceTree = "<group>";
		};
		B2DB88E81CF4D95300D67703 /* Products */ = {
			isa = PBXGroup;
			children = (
				B2DB88E71CF4D95300D67703 /* Converter.app */,
				B2DB88FB1CF4D95400D67703 /* ConverterTests.xctest */,
				B2DB89061CF4D95400D67703 /* ConverterUITests.xctest */,
			);
			name = Products;
			sourceTree = "<group>";
		};
		B2DB88E91CF4D95300D67703 /* Converter */ = {
			isa = PBXGroup;
			children = (
				B2DB88EA1CF4D95300D67703 /* AppDelegate.swift */,
				B2DB88EC1CF4D95300D67703 /* ViewController.swift */,
				B2DB88EE1CF4D95400D67703 /* Main.storyboard */,
				B2DB88F11CF4D95400D67703 /* Assets.xcassets */,
				B2DB88F31CF4D95400D67703 /* LaunchScreen.storyboard */,
				B2DB88F61CF4D95400D67703 /* Info.plist */,
			);
			path = Converter;
			sourceTree = "<group>";
		};
		B2DB88FE1CF4D95400D67703 /* ConverterTests */ = {
			isa = PBXGroup;
			children = (
				B2DB88FF1CF4D95400D67703 /* ConverterTests.swift */,
				B2DB89011CF4D95400D67703 /* Info.plist */,
			);
			path = ConverterTests;
			sourceTree = "<group>";
		};
		B2DB89091CF4D95400D67703 /* ConverterUITests */ = {
			isa = PBXGroup;
			children = (
				B2DB890A1CF4D95400D67703 /* ConverterUITests.swift */,
				B2DB890C1CF4D95400D67703 /* Info.plist */,
			);
			path = ConverterUITests;
			sourceTree = "<group>";
		};
/* End PBXGroup section */

/* Begin PBXNativeTarget section */
		B2DB88E61CF4D95300D67703 /* Converter */ = {
			isa = PBXNativeTarget;
			buildConfigurationList = B2DB890F1CF4D95400D67703 /* Build configuration list for PBXNativeTarget "Converter" */;
			buildPhases = (
				B2DB88E31CF4D95300D67703 /* Sources */,
				B2DB88E41CF4D95300D67703 /* Frameworks */,
				B2DB88E51CF4D95300D67703 /* Resources */,
			);
			buildRules = (
			);
			dependencies = (
			);
			name = Converter;
			productName = Converter;
			productReference = B2DB88E71CF4D95300D67703 /* Converter.app */;
			productType = "com.apple.product-type.application";
		};
		B2DB88FA1CF4D95400D67703 /* ConverterTests */ = {
			isa = PBXNativeTarget;
			buildConfigurationList = B2DB89121CF4D95400D67703 /* Build configuration list for PBXNativeTarget "ConverterTests" */;
			buildPhases = (
				B2DB88F71CF4D95400D67703 /* Sources */,
				B2DB88F81CF4D95400D67703 /* Frameworks */,
				B2DB88F91CF4D95400D67703 /* Resources */,
			);
			buildRules = (
			);
			dependencies = (
				B2DB88FD1CF4D95400D67703 /* PBXTargetDependency */,
			);
			name = ConverterTests;
			productName = ConverterTests;
			productReference = B2DB88FB1CF4D95400D67703 /* ConverterTests.xctest */;
			productType = "com.apple.product-type.bundle.unit-test";
		};
		B2DB89051CF4D95400D67703 /* ConverterUITests */ = {
			isa = PBXNativeTarget;
			buildConfigurationList = B2DB89151CF4D95400D67703 /* Build configuration list for PBXNativeTarget "ConverterUITests" */;
			buildPhases = (
				B2DB89021CF4D95400D67703 /* Sources */,
				B2DB89031CF4D95400D67703 /* Frameworks */,
				B2DB89041CF4D95400D67703 /* Resources */,
			);
			buildRules = (
			);
			dependencies = (
				B2DB89081CF4D95400D67703 /* PBXTargetDependency */,
			);
			name = ConverterUITests;
			productName = ConverterUITests;
			productReference = B2DB89061CF4D95400D67703 /* ConverterUITests.xctest */;
			productType = "com.apple.product-type.bundle.ui-testing";
		};
/* End PBXNativeTarget section */

/* Begin PBXProject section */
		B2DB88DF1CF4D95300D67703 /* Project object */ = {
			isa = PBXProject;
			attributes = {
				LastSwiftUpdateCheck = 0730;
				LastUpgradeCheck = 0730;
				ORGANIZATIONNAME = "Cassio Henrique Garcia Morales";
				TargetAttributes = {
					B2DB88E61CF4D95300D67703 = {
						CreatedOnToolsVersion = 7.3.1;
						DevelopmentTeam = 2S294KA9RU;
					};
					B2DB88FA1CF4D95400D67703 = {
						CreatedOnToolsVersion = 7.3.1;
						TestTargetID = B2DB88E61CF4D95300D67703;
					};
					B2DB89051CF4D95400D67703 = {
						CreatedOnToolsVersion = 7.3.1;
						TestTargetID = B2DB88E61CF4D95300D67703;
					};
				};
			};
			buildConfigurationList = B2DB88E21CF4D95300D67703 /* Build configuration list for PBXProject "Converter" */;
			compatibilityVersion = "Xcode 3.2";
			developmentRegion = English;
			hasScannedForEncodings = 0;
			knownRegions = (
				en,
				Base,
			);
			mainGroup = B2DB88DE1CF4D95300D67703;
			productRefGroup = B2DB88E81CF4D95300D67703 /* Products */;
			projectDirPath = "";
			projectRoot = "";
			targets = (
				B2DB88E61CF4D95300D67703 /* Converter */,
				B2DB88FA1CF4D95400D67703 /* ConverterTests */,
				B2DB89051CF4D95400D67703 /* ConverterUITests */,
			);
		};
/* End PBXProject section */

/* Begin PBXResourcesBuildPhase section */
		B2DB88E51CF4D95300D67703 /* Resources */ = {
			isa = PBXResourcesBuildPhase;
			buildActionMask = 2147483647;
			files = (
				B2DB88F51CF4D95400D67703 /* LaunchScreen.storyboard in Resources */,
				B2DB88F21CF4D95400D67703 /* Assets.xcassets in Resources */,
				B2DB88F01CF4D95400D67703 /* Main.storyboard in Resources */,
			);
			runOnlyForDeploymentPostprocessing = 0;
		};
		B2DB88F91CF4D95400D67703 /* Resources */ = {
			isa = PBXResourcesBuildPhase;
			buildActionMask = 2147483647;
			files = (
			);
			runOnlyForDeploymentPostprocessing = 0;
		};
		B2DB89041CF4D95400D67703 /* Resources */ = {
			isa = PBXResourcesBuildPhase;
			buildActionMask = 2147483647;
			files = (
			);
			runOnlyForDeploymentPostprocessing = 0;
		};
/* End PBXResourcesBuildPhase section */

/* Begin PBXSourcesBuildPhase section */
		B2DB88E31CF4D95300D67703 /* Sources */ = {
			isa = PBXSourcesBuildPhase;
			buildActionMask = 2147483647;
			files = (
				B2DB88ED1CF4D95300D67703 /* ViewController.swift in Sources */,
				B2DB88EB1CF4D95300D67703 /* AppDelegate.swift in Sources */,
			);
			runOnlyForDeploymentPostprocessing = 0;
		};
		B2DB88F71CF4D95400D67703 /* Sources */ = {
			isa = PBXSourcesBuildPhase;
			buildActionMask = 2147483647;
			files = (
				B2DB89001CF4D95400D67703 /* ConverterTests.swift in Sources */,
			);
			runOnlyForDeploymentPostprocessing = 0;
		};
		B2DB89021CF4D95400D67703 /* Sources */ = {
			isa = PBXSourcesBuildPhase;
			buildActionMask = 2147483647;
			files = (
				B2DB890B1CF4D95400D67703 /* ConverterUITests.swift in Sources */,
			);
			runOnlyForDeploymentPostprocessing = 0;
		};
/* End PBXSourcesBuildPhase section */

/* Begin PBXTargetDependency section */
		B2DB88FD1CF4D95400D67703 /* PBXTargetDependency */ = {
			isa = PBXTargetDependency;
			target = B2DB88E61CF4D95300D67703 /* Converter */;
			targetProxy = B2DB88FC1CF4D95400D67703 /* PBXContainerItemProxy */;
		};
		B2DB89081CF4D95400D67703 /* PBXTargetDependency */ = {
			isa = PBXTargetDependency;
			target = B2DB88E61CF4D95300D67703 /* Converter */;
			targetProxy = B2DB89071CF4D95400D67703 /* PBXContainerItemProxy */;
		};
/* End PBXTargetDependency section */

/* Begin PBXVariantGroup section */
		B2DB88EE1CF4D95400D67703 /* Main.storyboard */ = {
			isa = PBXVariantGroup;
			children = (
				B2DB88EF1CF4D95400D67703 /* Base */,
			);
			name = Main.storyboard;
			sourceTree = "<group>";
		};
		B2DB88F31CF4D95400D67703 /* LaunchScreen.storyboard */ = {
			isa = PBXVariantGroup;
			children = (
				B2DB88F41CF4D95400D67703 /* Base */,
			);
			name = LaunchScreen.storyboard;
			sourceTree = "<group>";
		};
/* End PBXVariantGroup section */

/* Begin XCBuildConfiguration section */
		B2DB890D1CF4D95400D67703 /* Debug */ = {
			isa = XCBuildConfiguration;
			buildSettings = {
				ALWAYS_SEARCH_USER_PATHS = NO;
				CLANG_ANALYZER_NONNULL = YES;
				CLANG_CXX_LANGUAGE_STANDARD = "gnu++0x";
				CLANG_CXX_LIBRARY = "libc++";
				CLANG_ENABLE_MODULES = YES;
				CLANG_ENABLE_OBJC_ARC = YES;
				CLANG_WARN_BOOL_CONVERSION = YES;
				CLANG_WARN_CONSTANT_CONVERSION = YES;
				CLANG_WARN_DIRECT_OBJC_ISA_USAGE = YES_ERROR;
				CLANG_WARN_EMPTY_BODY = YES;
				CLANG_WARN_ENUM_CONVERSION = YES;
				CLANG_WARN_INT_CONVERSION = YES;
				CLANG_WARN_OBJC_ROOT_CLASS = YES_ERROR;
				CLANG_WARN_UNREACHABLE_CODE = YES;
				CLANG_WARN__DUPLICATE_METHOD_MATCH = YES;
				"CODE_SIGN_IDENTITY[sdk=iphoneos*]" = "iPhone Developer";
				COPY_PHASE_STRIP = NO;
				DEBUG_INFORMATION_FORMAT = dwarf;
				ENABLE_STRICT_OBJC_MSGSEND = YES;
				ENABLE_TESTABILITY = YES;
				GCC_C_LANGUAGE_STANDARD = gnu99;
				GCC_DYNAMIC_NO_PIC = NO;
				GCC_NO_COMMON_BLOCKS = YES;
				GCC_OPTIMIZATION_LEVEL = 0;
				GCC_PREPROCESSOR_DEFINITIONS = (
					"DEBUG=1",
					"$(inherited)",
				);
				GCC_WARN_64_TO_32_BIT_CONVERSION = YES;
				GCC_WARN_ABOUT_RETURN_TYPE = YES_ERROR;
				GCC_WARN_UNDECLARED_SELECTOR = YES;
				GCC_WARN_UNINITIALIZED_AUTOS = YES_AGGRESSIVE;
				GCC_WARN_UNUSED_FUNCTION = YES;
				GCC_WARN_UNUSED_VARIABLE = YES;
				IPHONEOS_DEPLOYMENT_TARGET = 9.3;
				MTL_ENABLE_DEBUG_INFO = YES;
				ONLY_ACTIVE_ARCH = YES;
				SDKROOT = iphoneos;
				SWIFT_OPTIMIZATION_LEVEL = "-Onone";
			};
			name = Debug;
		};
		B2DB890E1CF4D95400D67703 /* Release */ = {
			isa = XCBuildConfiguration;
			buildSettings = {
				ALWAYS_SEARCH_USER_PATHS = NO;
				CLANG_ANALYZER_NONNULL = YES;
				CLANG_CXX_LANGUAGE_STANDARD = "gnu++0x";
				CLANG_CXX_LIBRARY = "libc++";
				CLANG_ENABLE_MODULES = YES;
				CLANG_ENABLE_OBJC_ARC = YES;
				CLANG_WARN_BOOL_CONVERSION = YES;
				CLANG_WARN_CONSTANT_CONVERSION = YES;
				CLANG_WARN_DIRECT_OBJC_ISA_USAGE = YES_ERROR;
				CLANG_WARN_EMPTY_BODY = YES;
				CLANG_WARN_ENUM_CONVERSION = YES;
				CLANG_WARN_INT_CONVERSION = YES;
				CLANG_WARN_OBJC_ROOT_CLASS = YES_ERROR;
				CLANG_WARN_UNREACHABLE_CODE = YES;
				CLANG_WARN__DUPLICATE_METHOD_MATCH = YES;
				"CODE_SIGN_IDENTITY[sdk=iphoneos*]" = "iPhone Developer";
				COPY_PHASE_STRIP = NO;
				DEBUG_INFORMATION_FORMAT = "dwarf-with-dsym";
				ENABLE_NS_ASSERTIONS = NO;
				ENABLE_STRICT_OBJC_MSGSEND = YES;
				GCC_C_LANGUAGE_STANDARD = gnu99;
				GCC_NO_COMMON_BLOCKS = YES;
				GCC_WARN_64_TO_32_BIT_CONVERSION = YES;
				GCC_WARN_ABOUT_RETURN_TYPE = YES_ERROR;
				GCC_WARN_UNDECLARED_SELECTOR = YES;
				GCC_WARN_UNINITIALIZED_AUTOS = YES_AGGRESSIVE;
				GCC_WARN_UNUSED_FUNCTION = YES;
				GCC_WARN_UNUSED_VARIABLE = YES;
				IPHONEOS_DEPLOYMENT_TARGET = 9.3;
				MTL_ENABLE_DEBUG_INFO = NO;
				SDKROOT = iphoneos;
				VALIDATE_PRODUCT = YES;
			};
			name = Release;
		};
		B2DB89101CF4D95400D67703 /* Debug */ = {
			isa = XCBuildConfiguration;
			buildSettings = {
				ASSETCATALOG_COMPILER_APPICON_NAME = AppIcon;
				CODE_SIGN_IDENTITY = "iPhone Developer";
				INFOPLIST_FILE = Converter/Info.plist;
				IPHONEOS_DEPLOYMENT_TARGET = 8.0;
				LD_RUNPATH_SEARCH_PATHS = "$(inherited) @executable_path/Frameworks";
				PRODUCT_BUNDLE_IDENTIFIER = Morales.Converter;
				PRODUCT_NAME = "$(TARGET_NAME)";
			};
			name = Debug;
		};
		B2DB89111CF4D95400D67703 /* Release */ = {
			isa = XCBuildConfiguration;
			buildSettings = {
				ASSETCATALOG_COMPILER_APPICON_NAME = AppIcon;
				CODE_SIGN_IDENTITY = "iPhone Developer";
				INFOPLIST_FILE = Converter/Info.plist;
				IPHONEOS_DEPLOYMENT_TARGET = 8.0;
				LD_RUNPATH_SEARCH_PATHS = "$(inherited) @executable_path/Frameworks";
				PRODUCT_BUNDLE_IDENTIFIER = Morales.Converter;
				PRODUCT_NAME = "$(TARGET_NAME)";
			};
			name = Release;
		};
		B2DB89131CF4D95400D67703 /* Debug */ = {
			isa = XCBuildConfiguration;
			buildSettings = {
				BUNDLE_LOADER = "$(TEST_HOST)";
				INFOPLIST_FILE = ConverterTests/Info.plist;
				LD_RUNPATH_SEARCH_PATHS = "$(inherited) @executable_path/Frameworks @loader_path/Frameworks";
				PRODUCT_BUNDLE_IDENTIFIER = Morales.ConverterTests;
				PRODUCT_NAME = "$(TARGET_NAME)";
				TEST_HOST = "$(BUILT_PRODUCTS_DIR)/Converter.app/Converter";
			};
			name = Debug;
		};
		B2DB89141CF4D95400D67703 /* Release */ = {
			isa = XCBuildConfiguration;
			buildSettings = {
				BUNDLE_LOADER = "$(TEST_HOST)";
				INFOPLIST_FILE = ConverterTests/Info.plist;
				LD_RUNPATH_SEARCH_PATHS = "$(inherited) @executable_path/Frameworks @loader_path/Frameworks";
				PRODUCT_BUNDLE_IDENTIFIER = Morales.ConverterTests;
				PRODUCT_NAME = "$(TARGET_NAME)";
				TEST_HOST = "$(BUILT_PRODUCTS_DIR)/Converter.app/Converter";
			};
			name = Release;
		};
		B2DB89161CF4D95400D67703 /* Debug */ = {
			isa = XCBuildConfiguration;
			buildSettings = {
				INFOPLIST_FILE = ConverterUITests/Info.plist;
				LD_RUNPATH_SEARCH_PATHS = "$(inherited) @executable_path/Frameworks @loader_path/Frameworks";
				PRODUCT_BUNDLE_IDENTIFIER = Morales.ConverterUITests;
				PRODUCT_NAME = "$(TARGET_NAME)";
				TEST_TARGET_NAME = Converter;
			};
			name = Debug;
		};
		B2DB89171CF4D95400D67703 /* Release */ = {
			isa = XCBuildConfiguration;
			buildSettings = {
				INFOPLIST_FILE = ConverterUITests/Info.plist;
				LD_RUNPATH_SEARCH_PATHS = "$(inherited) @executable_path/Frameworks @loader_path/Frameworks";
				PRODUCT_BUNDLE_IDENTIFIER = Morales.ConverterUITests;
				PRODUCT_NAME = "$(TARGET_NAME)";
				TEST_TARGET_NAME = Converter;
			};
			name = Release;
		};
/* End XCBuildConfiguration section */

/* Begin XCConfigurationList section */
		B2DB88E21CF4D95300D67703 /* Build configuration list for PBXProject "Converter" */ = {
			isa = XCConfigurationList;
			buildConfigurations = (
				B2DB890D1CF4D95400D67703 /* Debug */,
				B2DB890E1CF4D95400D67703 /* Release */,
			);
			defaultConfigurationIsVisible = 0;
			defaultConfigurationName = Release;
		};
		B2DB890F1CF4D95400D67703 /* Build configuration list for PBXNativeTarget "Converter" */ = {
			isa = XCConfigurationList;
			buildConfigurations = (
				B2DB89101CF4D95400D67703 /* Debug */,
				B2DB89111CF4D95400D67703 /* Release */,
			);
			defaultConfigurationIsVisible = 0;
			defaultConfigurationName = Release;
		};
		B2DB89121CF4D95400D67703 /* Build configuration list for PBXNativeTarget "ConverterTests" */ = {
			isa = XCConfigurationList;
			buildConfigurations = (
				B2DB89131CF4D95400D67703 /* Debug */,
				B2DB89141CF4D95400D67703 /* Release */,
			);
			defaultConfigurationIsVisible = 0;
			defaultConfigurationName = Release;
		};
		B2DB89151CF4D95400D67703 /* Build configuration list for PBXNativeTarget "ConverterUITests" */ = {
			isa = XCConfigurationList;
			buildConfigurations = (
				B2DB89161CF4D95400D67703 /* Debug */,
				B2DB89171CF4D95400D67703 /* Release */,
			);
			defaultConfigurationIsVisible = 0;
			defaultConfigurationName = Release;
		};
/* End XCConfigurationList section */
	};
	rootObject = B2DB88DF1CF4D95300D67703 /* Project object */;
}
